
Microsoft Visual Studio Solution File, Format Version 12.00
# Visual Studio Version 17
VisualStudioVersion = 17.4.33213.308
MinimumVisualStudioVersion = 10.0.40219.1
Project("{9A19103F-16F7-4668-BE54-9A1E7A4F7556}") = "DataAccess", "DataAccess\DataAccess.csproj", "{64C41D63-565D-433B-A035-C9BABF281FF0}"
EndProject
Project("{9A19103F-16F7-4668-BE54-9A1E7A4F7556}") = "Business", "Business\Business.csproj", "{A77A3B1B-8EC6-4135-B0B8-B04DA8815DF6}"
EndProject
Project("{9A19103F-16F7-4668-BE54-9A1E7A4F7556}") = "Entities", "Entities\Entities.csproj", "{5F27F3F3-CFE0-4154-8900-5871D7C2977C}"
EndProject
Project("{9A19103F-16F7-4668-BE54-9A1E7A4F7556}") = "ConsoleUI", "ConsoleUI\ConsoleUI.csproj", "{27677C33-A1ED-499F-B934-506C589D9826}"
EndProject
Project("{9A19103F-16F7-4668-BE54-9A1E7A4F7556}") = "Universal", "Universal\Universal.csproj", "{75F4989B-21E2-4F75-9063-BC167D8A7FE8}"
EndProject
Project("{FAE04EC0-301F-11D3-BF4B-00C04F79EFBC}") = "WebAPI", "WebAPI\WebAPI.csproj", "{881C515C-78FB-4C8A-BBD5-490DC968F393}"
EndProject
Global
	GlobalSection(SolutionConfigurationPlatforms) = preSolution
		Debug|Any CPU = Debug|Any CPU
		Release|Any CPU = Release|Any CPU
	EndGlobalSection
	GlobalSection(ProjectConfigurationPlatforms) = postSolution
		{64C41D63-565D-433B-A035-C9BABF281FF0}.Debug|Any CPU.ActiveCfg = Debug|Any CPU
		{64C41D63-565D-433B-A035-C9BABF281FF0}.Debug|Any CPU.Build.0 = Debug|Any CPU
		{64C41D63-565D-433B-A035-C9BABF281FF0}.Release|Any CPU.ActiveCfg = Release|Any CPU
		{64C41D63-565D-433B-A035-C9BABF281FF0}.Release|Any CPU.Build.0 = Release|Any CPU
		{A77A3B1B-8EC6-4135-B0B8-B04DA8815DF6}.Debug|Any CPU.ActiveCfg = Debug|Any CPU
		{A77A3B1B-8EC6-4135-B0B8-B04DA8815DF6}.Debug|Any CPU.Build.0 = Debug|Any CPU
		{A77A3B1B-8EC6-4135-B0B8-B04DA8815DF6}.Release|Any CPU.ActiveCfg = Release|Any CPU
		{A77A3B1B-8EC6-4135-B0B8-B04DA8815DF6}.Release|Any CPU.Build.0 = Release|Any CPU
		{5F27F3F3-CFE0-4154-8900-5871D7C2977C}.Debug|Any CPU.ActiveCfg = Debug|Any CPU
		{5F27F3F3-CFE0-4154-8900-5871D7C2977C}.Debug|Any CPU.Build.0 = Debug|Any CPU
		{5F27F3F3-CFE0-4154-8900-5871D7C2977C}.Release|Any CPU.ActiveCfg = Release|Any CPU
		{5F27F3F3-CFE0-4154-8900-5871D7C2977C}.Release|Any CPU.Build.0 = Release|Any CPU
		{27677C33-A1ED-499F-B934-506C589D9826}.Debug|Any CPU.ActiveCfg = Debug|Any CPU
		{27677C33-A1ED-499F-B934-506C589D9826}.Debug|Any CPU.Build.0 = Debug|Any CPU
		{27677C33-A1ED-499F-B934-506C589D9826}.Release|Any CPU.ActiveCfg = Release|Any CPU
		{27677C33-A1ED-499F-B934-506C589D9826}.Release|Any CPU.Build.0 = Release|Any CPU
		{75F4989B-21E2-4F75-9063-BC167D8A7FE8}.Debug|Any CPU.ActiveCfg = Debug|Any CPU
		{75F4989B-21E2-4F75-9063-BC167D8A7FE8}.Debug|Any CPU.Build.0 = Debug|Any CPU
		{75F4989B-21E2-4F75-9063-BC167D8A7FE8}.Release|Any CPU.ActiveCfg = Release|Any CPU
		{75F4989B-21E2-4F75-9063-BC167D8A7FE8}.Release|Any CPU.Build.0 = Release|Any CPU
		{881C515C-78FB-4C8A-BBD5-490DC968F393}.Debug|Any CPU.ActiveCfg = Debug|Any CPU
		{881C515C-78FB-4C8A-BBD5-490DC968F393}.Debug|Any CPU.Build.0 = Debug|Any CPU
		{881C515C-78FB-4C8A-BBD5-490DC968F393}.Release|Any CPU.ActiveCfg = Release|Any CPU
		{881C515C-78FB-4C8A-BBD5-490DC968F393}.Release|Any CPU.Build.0 = Release|Any CPU
	EndGlobalSection
	GlobalSection(SolutionProperties) = preSolution
		HideSolutionNode = FALSE
	EndGlobalSection
	GlobalSection(ExtensibilityGlobals) = postSolution
		SolutionGuid = {9FAC2AF4-6497-4E38-93CA-C0B9DBF757BC}
	EndGlobalSection
EndGlobal
